
Microsoft Visual Studio Solution File, Format Version 12.00
# Visual Studio Version 17
VisualStudioVersion = 17.10.35013.160
MinimumVisualStudioVersion = 10.0.40219.1
Project("{FAE04EC0-301F-11D3-BF4B-00C04F79EFBC}") = "SubLibrary", "SubLibrary.csproj", "{AAEA25E0-8B1D-497C-BD71-3B41265EA617}"
EndProject
Global
	GlobalSection(SolutionConfigurationPlatforms) = preSolution
		Debug|Any CPU = Debug|Any CPU
		Release|Any CPU = Release|Any CPU
	EndGlobalSection
	GlobalSection(ProjectConfigurationPlatforms) = postSolution
		{AAEA25E0-8B1D-497C-BD71-3B41265EA617}.Debug|Any CPU.ActiveCfg = Debug|Any CPU
		{AAEA25E0-8B1D-497C-BD71-3B41265EA617}.Debug|Any CPU.Build.0 = Debug|Any CPU
		{AAEA25E0-8B1D-497C-BD71-3B41265EA617}.Release|Any CPU.ActiveCfg = Release|Any CPU
		{AAEA25E0-8B1D-497C-BD71-3B41265EA617}.Release|Any CPU.Build.0 = Release|Any CPU
	EndGlobalSection
	GlobalSection(SolutionProperties) = preSolution
		HideSolutionNode = FALSE
	EndGlobalSection
	GlobalSection(ExtensibilityGlobals) = postSolution
		SolutionGuid = {15CDF785-9435-46DE-B801-B6749F15D18E}
	EndGlobalSection
EndGlobal
